
Microsoft Visual Studio Solution File, Format Version 12.00
# Visual Studio Version 16
VisualStudioVersion = 16.0.809.6
MinimumVisualStudioVersion = 10.0.40219.1
Project("{FAE04EC0-301F-11D3-BF4B-00C04F79EFBC}") = "zeebe-poc", "zeebe-poc.csproj", "{975F5910-D34F-4995-9A09-795582055347}"
EndProject
Global
	GlobalSection(SolutionConfigurationPlatforms) = preSolution
		Debug|Any CPU = Debug|Any CPU
		Release|Any CPU = Release|Any CPU
	EndGlobalSection
	GlobalSection(ProjectConfigurationPlatforms) = postSolution
		{975F5910-D34F-4995-9A09-795582055347}.Debug|Any CPU.ActiveCfg = Debug|Any CPU
		{975F5910-D34F-4995-9A09-795582055347}.Debug|Any CPU.Build.0 = Debug|Any CPU
		{975F5910-D34F-4995-9A09-795582055347}.Release|Any CPU.ActiveCfg = Release|Any CPU
		{975F5910-D34F-4995-9A09-795582055347}.Release|Any CPU.Build.0 = Release|Any CPU
	EndGlobalSection
	GlobalSection(SolutionProperties) = preSolution
		HideSolutionNode = FALSE
	EndGlobalSection
	GlobalSection(ExtensibilityGlobals) = postSolution
		SolutionGuid = {C5C0B961-4371-422A-91C9-BC145CE267D8}
	EndGlobalSection
EndGlobal
